
Microsoft Visual Studio Solution File, Format Version 12.00
# Visual Studio Version 16
VisualStudioVersion = 16.0.28809.33
MinimumVisualStudioVersion = 10.0.40219.1
Project("{9A19103F-16F7-4668-BE54-9A1E7A4F7556}") = "Pazuru.Application", "Pazuru.Application\Pazuru.Application.csproj", "{6B663222-A4F8-4E3C-BEE3-1AD22BB64F30}"
EndProject
Project("{9A19103F-16F7-4668-BE54-9A1E7A4F7556}") = "Pazuru.Domain", "Pazuru.Domain\Pazuru.Domain.csproj", "{DF566ED4-E273-4B60-9F9D-1FFE26493AE9}"
EndProject
Project("{9A19103F-16F7-4668-BE54-9A1E7A4F7556}") = "Pazuru.Infrastructure", "Pazuru.Infrastructure\Pazuru.Infrastructure.csproj", "{75B6E6EF-94AF-4E2F-B5C3-D804C87B61C6}"
EndProject
Project("{9A19103F-16F7-4668-BE54-9A1E7A4F7556}") = "Pazuru.Presentation.CLI", "Pazuru.Presentation.CLI\Pazuru.Presentation.CLI.csproj", "{A0A6A4BC-FA4B-4A59-ADD0-B2F1A163C0DB}"
EndProject
Project("{9A19103F-16F7-4668-BE54-9A1E7A4F7556}") = "Pazuru.Sudoku", "Pazuru.Sudoku\Pazuru.Sudoku.csproj", "{77CE56BA-7AFA-4219-BCEE-503438EAD2BC}"
EndProject
Project("{9A19103F-16F7-4668-BE54-9A1E7A4F7556}") = "Pazuru.Mapping", "Pazuru.Mapping\Pazuru.Mapping.csproj", "{7C49A5D2-ED0F-4E01-A714-8B0575DD3D3E}"
EndProject
Project("{9A19103F-16F7-4668-BE54-9A1E7A4F7556}") = "Pazuru.Presentation.Web.BackEnd", "Pazuru.Presentation.Web.BackEnd\Pazuru.Presentation.Web.BackEnd.csproj", "{619848E2-D1C7-4F4E-BCA1-29457D1E8E84}"
EndProject
Project("{FAE04EC0-301F-11D3-BF4B-00C04F79EFBC}") = "Pazuru.Tests", "Pazuru.Tests\Pazuru.Tests.csproj", "{10A78F13-2F29-4E15-A6EC-57D9EF179860}"
EndProject
Global
	GlobalSection(SolutionConfigurationPlatforms) = preSolution
		Debug|Any CPU = Debug|Any CPU
		Release|Any CPU = Release|Any CPU
	EndGlobalSection
	GlobalSection(ProjectConfigurationPlatforms) = postSolution
		{6B663222-A4F8-4E3C-BEE3-1AD22BB64F30}.Debug|Any CPU.ActiveCfg = Debug|Any CPU
		{6B663222-A4F8-4E3C-BEE3-1AD22BB64F30}.Debug|Any CPU.Build.0 = Debug|Any CPU
		{6B663222-A4F8-4E3C-BEE3-1AD22BB64F30}.Release|Any CPU.ActiveCfg = Release|Any CPU
		{6B663222-A4F8-4E3C-BEE3-1AD22BB64F30}.Release|Any CPU.Build.0 = Release|Any CPU
		{DF566ED4-E273-4B60-9F9D-1FFE26493AE9}.Debug|Any CPU.ActiveCfg = Debug|Any CPU
		{DF566ED4-E273-4B60-9F9D-1FFE26493AE9}.Debug|Any CPU.Build.0 = Debug|Any CPU
		{DF566ED4-E273-4B60-9F9D-1FFE26493AE9}.Release|Any CPU.ActiveCfg = Release|Any CPU
		{DF566ED4-E273-4B60-9F9D-1FFE26493AE9}.Release|Any CPU.Build.0 = Release|Any CPU
		{75B6E6EF-94AF-4E2F-B5C3-D804C87B61C6}.Debug|Any CPU.ActiveCfg = Debug|Any CPU
		{75B6E6EF-94AF-4E2F-B5C3-D804C87B61C6}.Debug|Any CPU.Build.0 = Debug|Any CPU
		{75B6E6EF-94AF-4E2F-B5C3-D804C87B61C6}.Release|Any CPU.ActiveCfg = Release|Any CPU
		{75B6E6EF-94AF-4E2F-B5C3-D804C87B61C6}.Release|Any CPU.Build.0 = Release|Any CPU
		{A0A6A4BC-FA4B-4A59-ADD0-B2F1A163C0DB}.Debug|Any CPU.ActiveCfg = Debug|Any CPU
		{A0A6A4BC-FA4B-4A59-ADD0-B2F1A163C0DB}.Debug|Any CPU.Build.0 = Debug|Any CPU
		{A0A6A4BC-FA4B-4A59-ADD0-B2F1A163C0DB}.Release|Any CPU.ActiveCfg = Release|Any CPU
		{A0A6A4BC-FA4B-4A59-ADD0-B2F1A163C0DB}.Release|Any CPU.Build.0 = Release|Any CPU
		{77CE56BA-7AFA-4219-BCEE-503438EAD2BC}.Debug|Any CPU.ActiveCfg = Debug|Any CPU
		{77CE56BA-7AFA-4219-BCEE-503438EAD2BC}.Debug|Any CPU.Build.0 = Debug|Any CPU
		{77CE56BA-7AFA-4219-BCEE-503438EAD2BC}.Release|Any CPU.ActiveCfg = Release|Any CPU
		{77CE56BA-7AFA-4219-BCEE-503438EAD2BC}.Release|Any CPU.Build.0 = Release|Any CPU
		{7C49A5D2-ED0F-4E01-A714-8B0575DD3D3E}.Debug|Any CPU.ActiveCfg = Debug|Any CPU
		{7C49A5D2-ED0F-4E01-A714-8B0575DD3D3E}.Debug|Any CPU.Build.0 = Debug|Any CPU
		{7C49A5D2-ED0F-4E01-A714-8B0575DD3D3E}.Release|Any CPU.ActiveCfg = Release|Any CPU
		{7C49A5D2-ED0F-4E01-A714-8B0575DD3D3E}.Release|Any CPU.Build.0 = Release|Any CPU
		{619848E2-D1C7-4F4E-BCA1-29457D1E8E84}.Debug|Any CPU.ActiveCfg = Debug|Any CPU
		{619848E2-D1C7-4F4E-BCA1-29457D1E8E84}.Debug|Any CPU.Build.0 = Debug|Any CPU
		{619848E2-D1C7-4F4E-BCA1-29457D1E8E84}.Release|Any CPU.ActiveCfg = Release|Any CPU
		{619848E2-D1C7-4F4E-BCA1-29457D1E8E84}.Release|Any CPU.Build.0 = Release|Any CPU
		{10A78F13-2F29-4E15-A6EC-57D9EF179860}.Debug|Any CPU.ActiveCfg = Debug|Any CPU
		{10A78F13-2F29-4E15-A6EC-57D9EF179860}.Debug|Any CPU.Build.0 = Debug|Any CPU
		{10A78F13-2F29-4E15-A6EC-57D9EF179860}.Release|Any CPU.ActiveCfg = Release|Any CPU
		{10A78F13-2F29-4E15-A6EC-57D9EF179860}.Release|Any CPU.Build.0 = Release|Any CPU
	EndGlobalSection
	GlobalSection(SolutionProperties) = preSolution
		HideSolutionNode = FALSE
	EndGlobalSection
	GlobalSection(ExtensibilityGlobals) = postSolution
		SolutionGuid = {46E07265-0A07-443A-B50A-55D2A4019A96}
	EndGlobalSection
EndGlobal
